
Microsoft Visual Studio Solution File, Format Version 12.00
# Visual Studio 15
VisualStudioVersion = 15.0.27703.2042
MinimumVisualStudioVersion = 10.0.40219.1
Project("{FAE04EC0-301F-11D3-BF4B-00C04F79EFBC}") = "Galag", "Galag\Galag.csproj", "{D7FFE2AE-FE4B-4ABC-AE2C-0C5ADAD730BF}"
EndProject
Global
	GlobalSection(SolutionConfigurationPlatforms) = preSolution
		Debug|Any CPU = Debug|Any CPU
		Release|Any CPU = Release|Any CPU
	EndGlobalSection
	GlobalSection(ProjectConfigurationPlatforms) = postSolution
		{D7FFE2AE-FE4B-4ABC-AE2C-0C5ADAD730BF}.Debug|Any CPU.ActiveCfg = Debug|Any CPU
		{D7FFE2AE-FE4B-4ABC-AE2C-0C5ADAD730BF}.Debug|Any CPU.Build.0 = Debug|Any CPU
		{D7FFE2AE-FE4B-4ABC-AE2C-0C5ADAD730BF}.Release|Any CPU.ActiveCfg = Release|Any CPU
		{D7FFE2AE-FE4B-4ABC-AE2C-0C5ADAD730BF}.Release|Any CPU.Build.0 = Release|Any CPU
	EndGlobalSection
	GlobalSection(SolutionProperties) = preSolution
		HideSolutionNode = FALSE
	EndGlobalSection
	GlobalSection(ExtensibilityGlobals) = postSolution
		SolutionGuid = {9DC8A84F-393F-47F2-AC0B-C832D56EE90A}
	EndGlobalSection
EndGlobal
